
Microsoft Visual Studio Solution File, Format Version 12.00
# Visual Studio Version 16
VisualStudioVersion = 16.0.34114.132
MinimumVisualStudioVersion = 10.0.40219.1
Project("{8BC9CEB8-8B4A-11D0-8D11-00A0C91BC942}") = "zad7", "zad7\zad7.vcxproj", "{4FE97ABF-D021-424A-88B0-3F0FBB4756B8}"
EndProject
Global
	GlobalSection(SolutionConfigurationPlatforms) = preSolution
		Debug|x64 = Debug|x64
		Debug|x86 = Debug|x86
		Release|x64 = Release|x64
		Release|x86 = Release|x86
	EndGlobalSection
	GlobalSection(ProjectConfigurationPlatforms) = postSolution
		{4FE97ABF-D021-424A-88B0-3F0FBB4756B8}.Debug|x64.ActiveCfg = Debug|x64
		{4FE97ABF-D021-424A-88B0-3F0FBB4756B8}.Debug|x64.Build.0 = Debug|x64
		{4FE97ABF-D021-424A-88B0-3F0FBB4756B8}.Debug|x86.ActiveCfg = Debug|Win32
		{4FE97ABF-D021-424A-88B0-3F0FBB4756B8}.Debug|x86.Build.0 = Debug|Win32
		{4FE97ABF-D021-424A-88B0-3F0FBB4756B8}.Release|x64.ActiveCfg = Release|x64
		{4FE97ABF-D021-424A-88B0-3F0FBB4756B8}.Release|x64.Build.0 = Release|x64
		{4FE97ABF-D021-424A-88B0-3F0FBB4756B8}.Release|x86.ActiveCfg = Release|Win32
		{4FE97ABF-D021-424A-88B0-3F0FBB4756B8}.Release|x86.Build.0 = Release|Win32
	EndGlobalSection
	GlobalSection(SolutionProperties) = preSolution
		HideSolutionNode = FALSE
	EndGlobalSection
	GlobalSection(ExtensibilityGlobals) = postSolution
		SolutionGuid = {5ABF2D43-6940-442F-BBEB-E6BE409BE6E8}
	EndGlobalSection
EndGlobal
